// !$*UTF8*$!
{
	archiveVersion = 1;
	classes = {
	};
	objectVersion = 55;
	objects = {

/* Begin PBXBuildFile section */
		2D0A0DC7281078EE0073B284 /* EggAndTimeApp.swift in Sources */ = {isa = PBXBuildFile; fileRef = 2D0A0DC6281078EE0073B284 /* EggAndTimeApp.swift */; };
		2D0A0DCB281078F10073B284 /* Assets.xcassets in Resources */ = {isa = PBXBuildFile; fileRef = 2D0A0DCA281078F10073B284 /* Assets.xcassets */; };
		2D0A0DCE281078F10073B284 /* Preview Assets.xcassets in Resources */ = {isa = PBXBuildFile; fileRef = 2D0A0DCD281078F10073B284 /* Preview Assets.xcassets */; };
		2D0A0DD5281079120073B284 /* CardView.swift in Sources */ = {isa = PBXBuildFile; fileRef = 2D0A0DD4281079120073B284 /* CardView.swift */; };
		2D0A0DDB281084770073B284 /* EggGridView.swift in Sources */ = {isa = PBXBuildFile; fileRef = 2D0A0DDA281084770073B284 /* EggGridView.swift */; };
		2D0A0DDD28108F2E0073B284 /* DonenessGridView.swift in Sources */ = {isa = PBXBuildFile; fileRef = 2D0A0DDC28108F2E0073B284 /* DonenessGridView.swift */; };
		2D0A0DDF281092A40073B284 /* EggView.swift in Sources */ = {isa = PBXBuildFile; fileRef = 2D0A0DDE281092A40073B284 /* EggView.swift */; };
		2D0A0DE128109ECB0073B284 /* Model.swift in Sources */ = {isa = PBXBuildFile; fileRef = 2D0A0DE028109ECB0073B284 /* Model.swift */; };
		2D0A0DE32810A1660073B284 /* EggGridViewModel.swift in Sources */ = {isa = PBXBuildFile; fileRef = 2D0A0DE22810A1660073B284 /* EggGridViewModel.swift */; };
		2D0A0DE52810A4800073B284 /* DonenessGridViewModel.swift in Sources */ = {isa = PBXBuildFile; fileRef = 2D0A0DE42810A4800073B284 /* DonenessGridViewModel.swift */; };
		2D0A0DE72810AABD0073B284 /* DonenessView.swift in Sources */ = {isa = PBXBuildFile; fileRef = 2D0A0DE62810AABD0073B284 /* DonenessView.swift */; };
		2D0A0DE92810B7980073B284 /* TimerView.swift in Sources */ = {isa = PBXBuildFile; fileRef = 2D0A0DE82810B7980073B284 /* TimerView.swift */; };
		2D0A0DEB28114EC00073B284 /* NavigationHelper.swift in Sources */ = {isa = PBXBuildFile; fileRef = 2D0A0DEA28114EC00073B284 /* NavigationHelper.swift */; };
		2D8A8D38281162E800030BDC /* TimerViewModel.swift in Sources */ = {isa = PBXBuildFile; fileRef = 2D8A8D37281162E800030BDC /* TimerViewModel.swift */; };
		2D8A8D3A28119E6600030BDC /* ProgressView.swift in Sources */ = {isa = PBXBuildFile; fileRef = 2D8A8D3928119E6600030BDC /* ProgressView.swift */; };
		2D8A8D3C2812073700030BDC /* EggViewModel.swift in Sources */ = {isa = PBXBuildFile; fileRef = 2D8A8D3B2812073700030BDC /* EggViewModel.swift */; };
		2D8A8D3F2812078F00030BDC /* DonenessViewModel.swift in Sources */ = {isa = PBXBuildFile; fileRef = 2D8A8D3E2812078F00030BDC /* DonenessViewModel.swift */; };
		2D8A8D4428120BF500030BDC /* EggStore.swift in Sources */ = {isa = PBXBuildFile; fileRef = 2D8A8D4328120BF500030BDC /* EggStore.swift */; };
/* End PBXBuildFile section */

/* Begin PBXFileReference section */
		2D0A0DC3281078EE0073B284 /* EggAndTime.app */ = {isa = PBXFileReference; explicitFileType = wrapper.application; includeInIndex = 0; path = EggAndTime.app; sourceTree = BUILT_PRODUCTS_DIR; };
		2D0A0DC6281078EE0073B284 /* EggAndTimeApp.swift */ = {isa = PBXFileReference; lastKnownFileType = sourcecode.swift; path = EggAndTimeApp.swift; sourceTree = "<group>"; };
		2D0A0DCA281078F10073B284 /* Assets.xcassets */ = {isa = PBXFileReference; lastKnownFileType = folder.assetcatalog; path = Assets.xcassets; sourceTree = "<group>"; };
		2D0A0DCD281078F10073B284 /* Preview Assets.xcassets */ = {isa = PBXFileReference; lastKnownFileType = folder.assetcatalog; path = "Preview Assets.xcassets"; sourceTree = "<group>"; };
		2D0A0DD4281079120073B284 /* CardView.swift */ = {isa = PBXFileReference; lastKnownFileType = sourcecode.swift; path = CardView.swift; sourceTree = "<group>"; };
		2D0A0DDA281084770073B284 /* EggGridView.swift */ = {isa = PBXFileReference; lastKnownFileType = sourcecode.swift; path = EggGridView.swift; sourceTree = "<group>"; };
		2D0A0DDC28108F2E0073B284 /* DonenessGridView.swift */ = {isa = PBXFileReference; lastKnownFileType = sourcecode.swift; path = DonenessGridView.swift; sourceTree = "<group>"; };
		2D0A0DDE281092A40073B284 /* EggView.swift */ = {isa = PBXFileReference; lastKnownFileType = sourcecode.swift; path = EggView.swift; sourceTree = "<group>"; };
		2D0A0DE028109ECB0073B284 /* Model.swift */ = {isa = PBXFileReference; lastKnownFileType = sourcecode.swift; path = Model.swift; sourceTree = "<group>"; };
		2D0A0DE22810A1660073B284 /* EggGridViewModel.swift */ = {isa = PBXFileReference; lastKnownFileType = sourcecode.swift; path = EggGridViewModel.swift; sourceTree = "<group>"; };
		2D0A0DE42810A4800073B284 /* DonenessGridViewModel.swift */ = {isa = PBXFileReference; lastKnownFileType = sourcecode.swift; path = DonenessGridViewModel.swift; sourceTree = "<group>"; };
		2D0A0DE62810AABD0073B284 /* DonenessView.swift */ = {isa = PBXFileReference; lastKnownFileType = sourcecode.swift; path = DonenessView.swift; sourceTree = "<group>"; };
		2D0A0DE82810B7980073B284 /* TimerView.swift */ = {isa = PBXFileReference; lastKnownFileType = sourcecode.swift; path = TimerView.swift; sourceTree = "<group>"; };
		2D0A0DEA28114EC00073B284 /* NavigationHelper.swift */ = {isa = PBXFileReference; lastKnownFileType = sourcecode.swift; path = NavigationHelper.swift; sourceTree = "<group>"; };
		2D8A8D37281162E800030BDC /* TimerViewModel.swift */ = {isa = PBXFileReference; lastKnownFileType = sourcecode.swift; path = TimerViewModel.swift; sourceTree = "<group>"; };
		2D8A8D3928119E6600030BDC /* ProgressView.swift */ = {isa = PBXFileReference; lastKnownFileType = sourcecode.swift; path = ProgressView.swift; sourceTree = "<group>"; };
		2D8A8D3B2812073700030BDC /* EggViewModel.swift */ = {isa = PBXFileReference; lastKnownFileType = sourcecode.swift; path = EggViewModel.swift; sourceTree = "<group>"; };
		2D8A8D3E2812078F00030BDC /* DonenessViewModel.swift */ = {isa = PBXFileReference; lastKnownFileType = sourcecode.swift; path = DonenessViewModel.swift; sourceTree = "<group>"; };
		2D8A8D4328120BF500030BDC /* EggStore.swift */ = {isa = PBXFileReference; lastKnownFileType = sourcecode.swift; path = EggStore.swift; sourceTree = "<group>"; };
/* End PBXFileReference section */

/* Begin PBXFrameworksBuildPhase section */
		2D0A0DC0281078EE0073B284 /* Frameworks */ = {
			isa = PBXFrameworksBuildPhase;
			buildActionMask = 2147483647;
			files = (
			);
			runOnlyForDeploymentPostprocessing = 0;
		};
/* End PBXFrameworksBuildPhase section */

/* Begin PBXGroup section */
		2D0A0DBA281078EE0073B284 = {
			isa = PBXGroup;
			children = (
				2D0A0DC5281078EE0073B284 /* EggAndTime */,
				2D0A0DC4281078EE0073B284 /* Products */,
			);
			sourceTree = "<group>";
		};
		2D0A0DC4281078EE0073B284 /* Products */ = {
			isa = PBXGroup;
			children = (
				2D0A0DC3281078EE0073B284 /* EggAndTime.app */,
			);
			name = Products;
			sourceTree = "<group>";
		};
		2D0A0DC5281078EE0073B284 /* EggAndTime */ = {
			isa = PBXGroup;
			children = (
				2D8A8D362811606900030BDC /* Egg */,
				2D8A8D352811602300030BDC /* EggGrid */,
				2D8A8D3D2812077200030BDC /* Doneness */,
				2D8A8D402812093100030BDC /* DonenessGrid */,
				2D8A8D4228120AEA00030BDC /* Timer */,
				2D8A8D4128120ACA00030BDC /* Model */,
				2D8A8D4528120D1E00030BDC /* Helpers */,
				2D8A8D4628120D5500030BDC /* CommonViews */,
				2D8A8D4728120D8400030BDC /* Resources */,
				2D8A8D4828120FAC00030BDC /* Startup */,
				2D0A0DCC281078F10073B284 /* Preview Content */,
			);
			path = EggAndTime;
			sourceTree = "<group>";
		};
		2D0A0DCC281078F10073B284 /* Preview Content */ = {
			isa = PBXGroup;
			children = (
				2D0A0DCD281078F10073B284 /* Preview Assets.xcassets */,
			);
			path = "Preview Content";
			sourceTree = "<group>";
		};
		2D8A8D352811602300030BDC /* EggGrid */ = {
			isa = PBXGroup;
			children = (
				2D0A0DDA281084770073B284 /* EggGridView.swift */,
				2D0A0DE22810A1660073B284 /* EggGridViewModel.swift */,
			);
			path = EggGrid;
			sourceTree = "<group>";
		};
		2D8A8D362811606900030BDC /* Egg */ = {
			isa = PBXGroup;
			children = (
				2D0A0DDE281092A40073B284 /* EggView.swift */,
				2D8A8D3B2812073700030BDC /* EggViewModel.swift */,
			);
			path = Egg;
			sourceTree = "<group>";
		};
		2D8A8D3D2812077200030BDC /* Doneness */ = {
			isa = PBXGroup;
			children = (
				2D0A0DE62810AABD0073B284 /* DonenessView.swift */,
				2D8A8D3E2812078F00030BDC /* DonenessViewModel.swift */,
			);
			path = Doneness;
			sourceTree = "<group>";
		};
		2D8A8D402812093100030BDC /* DonenessGrid */ = {
			isa = PBXGroup;
			children = (
				2D0A0DDC28108F2E0073B284 /* DonenessGridView.swift */,
				2D0A0DE42810A4800073B284 /* DonenessGridViewModel.swift */,
			);
			path = DonenessGrid;
			sourceTree = "<group>";
		};
		2D8A8D4128120ACA00030BDC /* Model */ = {
			isa = PBXGroup;
			children = (
				2D0A0DE028109ECB0073B284 /* Model.swift */,
			);
			path = Model;
			sourceTree = "<group>";
		};
		2D8A8D4228120AEA00030BDC /* Timer */ = {
			isa = PBXGroup;
			children = (
				2D0A0DE82810B7980073B284 /* TimerView.swift */,
				2D8A8D37281162E800030BDC /* TimerViewModel.swift */,
			);
			path = Timer;
			sourceTree = "<group>";
		};
		2D8A8D4528120D1E00030BDC /* Helpers */ = {
			isa = PBXGroup;
			children = (
				2D0A0DEA28114EC00073B284 /* NavigationHelper.swift */,
				2D8A8D4328120BF500030BDC /* EggStore.swift */,
			);
			path = Helpers;
			sourceTree = "<group>";
		};
		2D8A8D4628120D5500030BDC /* CommonViews */ = {
			isa = PBXGroup;
			children = (
				2D8A8D3928119E6600030BDC /* ProgressView.swift */,
				2D0A0DD4281079120073B284 /* CardView.swift */,
			);
			path = CommonViews;
			sourceTree = "<group>";
		};
		2D8A8D4728120D8400030BDC /* Resources */ = {
			isa = PBXGroup;
			children = (
				2D0A0DCA281078F10073B284 /* Assets.xcassets */,
			);
			path = Resources;
			sourceTree = "<group>";
		};
		2D8A8D4828120FAC00030BDC /* Startup */ = {
			isa = PBXGroup;
			children = (
				2D0A0DC6281078EE0073B284 /* EggAndTimeApp.swift */,
			);
			path = Startup;
			sourceTree = "<group>";
		};
/* End PBXGroup section */

/* Begin PBXNativeTarget section */
		2D0A0DC2281078EE0073B284 /* EggAndTime */ = {
			isa = PBXNativeTarget;
			buildConfigurationList = 2D0A0DD1281078F20073B284 /* Build configuration list for PBXNativeTarget "EggAndTime" */;
			buildPhases = (
				2D0A0DBF281078EE0073B284 /* Sources */,
				2D0A0DC0281078EE0073B284 /* Frameworks */,
				2D0A0DC1281078EE0073B284 /* Resources */,
			);
			buildRules = (
			);
			dependencies = (
			);
			name = EggAndTime;
			productName = EggAndTime;
			productReference = 2D0A0DC3281078EE0073B284 /* EggAndTime.app */;
			productType = "com.apple.product-type.application";
		};
/* End PBXNativeTarget section */

/* Begin PBXProject section */
		2D0A0DBB281078EE0073B284 /* Project object */ = {
			isa = PBXProject;
			attributes = {
				BuildIndependentTargetsInParallel = 1;
				LastSwiftUpdateCheck = 1320;
				LastUpgradeCheck = 1320;
				TargetAttributes = {
					2D0A0DC2281078EE0073B284 = {
						CreatedOnToolsVersion = 13.2.1;
					};
				};
			};
			buildConfigurationList = 2D0A0DBE281078EE0073B284 /* Build configuration list for PBXProject "EggAndTime" */;
			compatibilityVersion = "Xcode 13.0";
			developmentRegion = en;
			hasScannedForEncodings = 0;
			knownRegions = (
				en,
				Base,
			);
			mainGroup = 2D0A0DBA281078EE0073B284;
			productRefGroup = 2D0A0DC4281078EE0073B284 /* Products */;
			projectDirPath = "";
			projectRoot = "";
			targets = (
				2D0A0DC2281078EE0073B284 /* EggAndTime */,
			);
		};
/* End PBXProject section */

/* Begin PBXResourcesBuildPhase section */
		2D0A0DC1281078EE0073B284 /* Resources */ = {
			isa = PBXResourcesBuildPhase;
			buildActionMask = 2147483647;
			files = (
				2D0A0DCE281078F10073B284 /* Preview Assets.xcassets in Resources */,
				2D0A0DCB281078F10073B284 /* Assets.xcassets in Resources */,
			);
			runOnlyForDeploymentPostprocessing = 0;
		};
/* End PBXResourcesBuildPhase section */

/* Begin PBXSourcesBuildPhase section */
		2D0A0DBF281078EE0073B284 /* Sources */ = {
			isa = PBXSourcesBuildPhase;
			buildActionMask = 2147483647;
			files = (
				2D0A0DEB28114EC00073B284 /* NavigationHelper.swift in Sources */,
				2D0A0DC7281078EE0073B284 /* EggAndTimeApp.swift in Sources */,
				2D8A8D38281162E800030BDC /* TimerViewModel.swift in Sources */,
				2D0A0DDF281092A40073B284 /* EggView.swift in Sources */,
				2D8A8D3C2812073700030BDC /* EggViewModel.swift in Sources */,
				2D0A0DE72810AABD0073B284 /* DonenessView.swift in Sources */,
				2D0A0DE128109ECB0073B284 /* Model.swift in Sources */,
				2D0A0DD5281079120073B284 /* CardView.swift in Sources */,
				2D0A0DE92810B7980073B284 /* TimerView.swift in Sources */,
				2D0A0DDD28108F2E0073B284 /* DonenessGridView.swift in Sources */,
				2D0A0DE32810A1660073B284 /* EggGridViewModel.swift in Sources */,
				2D8A8D3A28119E6600030BDC /* ProgressView.swift in Sources */,
				2D8A8D3F2812078F00030BDC /* DonenessViewModel.swift in Sources */,
				2D0A0DDB281084770073B284 /* EggGridView.swift in Sources */,
				2D0A0DE52810A4800073B284 /* DonenessGridViewModel.swift in Sources */,
				2D8A8D4428120BF500030BDC /* EggStore.swift in Sources */,
			);
			runOnlyForDeploymentPostprocessing = 0;
		};
/* End PBXSourcesBuildPhase section */

/* Begin XCBuildConfiguration section */
		2D0A0DCF281078F10073B284 /* Debug */ = {
			isa = XCBuildConfiguration;
			buildSettings = {
				ALWAYS_SEARCH_USER_PATHS = NO;
				CLANG_ANALYZER_NONNULL = YES;
				CLANG_ANALYZER_NUMBER_OBJECT_CONVERSION = YES_AGGRESSIVE;
				CLANG_CXX_LANGUAGE_STANDARD = "gnu++17";
				CLANG_CXX_LIBRARY = "libc++";
				CLANG_ENABLE_MODULES = YES;
				CLANG_ENABLE_OBJC_ARC = YES;
				CLANG_ENABLE_OBJC_WEAK = YES;
				CLANG_WARN_BLOCK_CAPTURE_AUTORELEASING = YES;
				CLANG_WARN_BOOL_CONVERSION = YES;
				CLANG_WARN_COMMA = YES;
				CLANG_WARN_CONSTANT_CONVERSION = YES;
				CLANG_WARN_DEPRECATED_OBJC_IMPLEMENTATIONS = YES;
				CLANG_WARN_DIRECT_OBJC_ISA_USAGE = YES_ERROR;
				CLANG_WARN_DOCUMENTATION_COMMENTS = YES;
				CLANG_WARN_EMPTY_BODY = YES;
				CLANG_WARN_ENUM_CONVERSION = YES;
				CLANG_WARN_INFINITE_RECURSION = YES;
				CLANG_WARN_INT_CONVERSION = YES;
				CLANG_WARN_NON_LITERAL_NULL_CONVERSION = YES;
				CLANG_WARN_OBJC_IMPLICIT_RETAIN_SELF = YES;
				CLANG_WARN_OBJC_LITERAL_CONVERSION = YES;
				CLANG_WARN_OBJC_ROOT_CLASS = YES_ERROR;
				CLANG_WARN_QUOTED_INCLUDE_IN_FRAMEWORK_HEADER = YES;
				CLANG_WARN_RANGE_LOOP_ANALYSIS = YES;
				CLANG_WARN_STRICT_PROTOTYPES = YES;
				CLANG_WARN_SUSPICIOUS_MOVE = YES;
				CLANG_WARN_UNGUARDED_AVAILABILITY = YES_AGGRESSIVE;
				CLANG_WARN_UNREACHABLE_CODE = YES;
				CLANG_WARN__DUPLICATE_METHOD_MATCH = YES;
				COPY_PHASE_STRIP = NO;
				DEBUG_INFORMATION_FORMAT = dwarf;
				ENABLE_STRICT_OBJC_MSGSEND = YES;
				ENABLE_TESTABILITY = YES;
				GCC_C_LANGUAGE_STANDARD = gnu11;
				GCC_DYNAMIC_NO_PIC = NO;
				GCC_NO_COMMON_BLOCKS = YES;
				GCC_OPTIMIZATION_LEVEL = 0;
				GCC_PREPROCESSOR_DEFINITIONS = (
					"DEBUG=1",
					"$(inherited)",
				);
				GCC_WARN_64_TO_32_BIT_CONVERSION = YES;
				GCC_WARN_ABOUT_RETURN_TYPE = YES_ERROR;
				GCC_WARN_UNDECLARED_SELECTOR = YES;
				GCC_WARN_UNINITIALIZED_AUTOS = YES_AGGRESSIVE;
				GCC_WARN_UNUSED_FUNCTION = YES;
				GCC_WARN_UNUSED_VARIABLE = YES;
				IPHONEOS_DEPLOYMENT_TARGET = 15.2;
				MTL_ENABLE_DEBUG_INFO = INCLUDE_SOURCE;
				MTL_FAST_MATH = YES;
				ONLY_ACTIVE_ARCH = YES;
				SDKROOT = iphoneos;
				SWIFT_ACTIVE_COMPILATION_CONDITIONS = DEBUG;
				SWIFT_OPTIMIZATION_LEVEL = "-Onone";
			};
			name = Debug;
		};
		2D0A0DD0281078F10073B284 /* Release */ = {
			isa = XCBuildConfiguration;
			buildSettings = {
				ALWAYS_SEARCH_USER_PATHS = NO;
				CLANG_ANALYZER_NONNULL = YES;
				CLANG_ANALYZER_NUMBER_OBJECT_CONVERSION = YES_AGGRESSIVE;
				CLANG_CXX_LANGUAGE_STANDARD = "gnu++17";
				CLANG_CXX_LIBRARY = "libc++";
				CLANG_ENABLE_MODULES = YES;
				CLANG_ENABLE_OBJC_ARC = YES;
				CLANG_ENABLE_OBJC_WEAK = YES;
				CLANG_WARN_BLOCK_CAPTURE_AUTORELEASING = YES;
				CLANG_WARN_BOOL_CONVERSION = YES;
				CLANG_WARN_COMMA = YES;
				CLANG_WARN_CONSTANT_CONVERSION = YES;
				CLANG_WARN_DEPRECATED_OBJC_IMPLEMENTATIONS = YES;
				CLANG_WARN_DIRECT_OBJC_ISA_USAGE = YES_ERROR;
				CLANG_WARN_DOCUMENTATION_COMMENTS = YES;
				CLANG_WARN_EMPTY_BODY = YES;
				CLANG_WARN_ENUM_CONVERSION = YES;
				CLANG_WARN_INFINITE_RECURSION = YES;
				CLANG_WARN_INT_CONVERSION = YES;
				CLANG_WARN_NON_LITERAL_NULL_CONVERSION = YES;
				CLANG_WARN_OBJC_IMPLICIT_RETAIN_SELF = YES;
				CLANG_WARN_OBJC_LITERAL_CONVERSION = YES;
				CLANG_WARN_OBJC_ROOT_CLASS = YES_ERROR;
				CLANG_WARN_QUOTED_INCLUDE_IN_FRAMEWORK_HEADER = YES;
				CLANG_WARN_RANGE_LOOP_ANALYSIS = YES;
				CLANG_WARN_STRICT_PROTOTYPES = YES;
				CLANG_WARN_SUSPICIOUS_MOVE = YES;
				CLANG_WARN_UNGUARDED_AVAILABILITY = YES_AGGRESSIVE;
				CLANG_WARN_UNREACHABLE_CODE = YES;
				CLANG_WARN__DUPLICATE_METHOD_MATCH = YES;
				COPY_PHASE_STRIP = NO;
				DEBUG_INFORMATION_FORMAT = "dwarf-with-dsym";
				ENABLE_NS_ASSERTIONS = NO;
				ENABLE_STRICT_OBJC_MSGSEND = YES;
				GCC_C_LANGUAGE_STANDARD = gnu11;
				GCC_NO_COMMON_BLOCKS = YES;
				GCC_WARN_64_TO_32_BIT_CONVERSION = YES;
				GCC_WARN_ABOUT_RETURN_TYPE = YES_ERROR;
				GCC_WARN_UNDECLARED_SELECTOR = YES;
				GCC_WARN_UNINITIALIZED_AUTOS = YES_AGGRESSIVE;
				GCC_WARN_UNUSED_FUNCTION = YES;
				GCC_WARN_UNUSED_VARIABLE = YES;
				IPHONEOS_DEPLOYMENT_TARGET = 15.2;
				MTL_ENABLE_DEBUG_INFO = NO;
				MTL_FAST_MATH = YES;
				SDKROOT = iphoneos;
				SWIFT_COMPILATION_MODE = wholemodule;
				SWIFT_OPTIMIZATION_LEVEL = "-O";
				VALIDATE_PRODUCT = YES;
			};
			name = Release;
		};
		2D0A0DD2281078F20073B284 /* Debug */ = {
			isa = XCBuildConfiguration;
			buildSettings = {
				ASSETCATALOG_COMPILER_APPICON_NAME = AppIcon;
				ASSETCATALOG_COMPILER_GLOBAL_ACCENT_COLOR_NAME = AccentColor;
				CODE_SIGN_STYLE = Automatic;
				CURRENT_PROJECT_VERSION = 1;
				DEVELOPMENT_ASSET_PATHS = "\"EggAndTime/Preview Content\"";
				DEVELOPMENT_TEAM = HUN84826YQ;
				ENABLE_PREVIEWS = YES;
				GENERATE_INFOPLIST_FILE = YES;
				INFOPLIST_KEY_UIApplicationSceneManifest_Generation = YES;
				INFOPLIST_KEY_UIApplicationSupportsIndirectInputEvents = YES;
				INFOPLIST_KEY_UILaunchScreen_Generation = YES;
				INFOPLIST_KEY_UISupportedInterfaceOrientations_iPad = "UIInterfaceOrientationPortrait UIInterfaceOrientationPortraitUpsideDown UIInterfaceOrientationLandscapeLeft UIInterfaceOrientationLandscapeRight";
				INFOPLIST_KEY_UISupportedInterfaceOrientations_iPhone = "UIInterfaceOrientationPortrait UIInterfaceOrientationLandscapeLeft UIInterfaceOrientationLandscapeRight";
				LD_RUNPATH_SEARCH_PATHS = (
					"$(inherited)",
					"@executable_path/Frameworks",
				);
				MARKETING_VERSION = 1.0;
				PRODUCT_BUNDLE_IDENTIFIER = ru.awesome.EggAndTime;
				PRODUCT_NAME = "$(TARGET_NAME)";
				SWIFT_EMIT_LOC_STRINGS = YES;
				SWIFT_VERSION = 5.0;
				TARGETED_DEVICE_FAMILY = "1,2";
			};
			name = Debug;
		};
		2D0A0DD3281078F20073B284 /* Release */ = {
			isa = XCBuildConfiguration;
			buildSettings = {
				ASSETCATALOG_COMPILER_APPICON_NAME = AppIcon;
				ASSETCATALOG_COMPILER_GLOBAL_ACCENT_COLOR_NAME = AccentColor;
				CODE_SIGN_STYLE = Automatic;
				CURRENT_PROJECT_VERSION = 1;
				DEVELOPMENT_ASSET_PATHS = "\"EggAndTime/Preview Content\"";
				DEVELOPMENT_TEAM = HUN84826YQ;
				ENABLE_PREVIEWS = YES;
				GENERATE_INFOPLIST_FILE = YES;
				INFOPLIST_KEY_UIApplicationSceneManifest_Generation = YES;
				INFOPLIST_KEY_UIApplicationSupportsIndirectInputEvents = YES;
				INFOPLIST_KEY_UILaunchScreen_Generation = YES;
				INFOPLIST_KEY_UISupportedInterfaceOrientations_iPad = "UIInterfaceOrientationPortrait UIInterfaceOrientationPortraitUpsideDown UIInterfaceOrientationLandscapeLeft UIInterfaceOrientationLandscapeRight";
				INFOPLIST_KEY_UISupportedInterfaceOrientations_iPhone = "UIInterfaceOrientationPortrait UIInterfaceOrientationLandscapeLeft UIInterfaceOrientationLandscapeRight";
				LD_RUNPATH_SEARCH_PATHS = (
					"$(inherited)",
					"@executable_path/Frameworks",
				);
				MARKETING_VERSION = 1.0;
				PRODUCT_BUNDLE_IDENTIFIER = ru.awesome.EggAndTime;
				PRODUCT_NAME = "$(TARGET_NAME)";
				SWIFT_EMIT_LOC_STRINGS = YES;
				SWIFT_VERSION = 5.0;
				TARGETED_DEVICE_FAMILY = "1,2";
			};
			name = Release;
		};
/* End XCBuildConfiguration section */

/* Begin XCConfigurationList section */
		2D0A0DBE281078EE0073B284 /* Build configuration list for PBXProject "EggAndTime" */ = {
			isa = XCConfigurationList;
			buildConfigurations = (
				2D0A0DCF281078F10073B284 /* Debug */,
				2D0A0DD0281078F10073B284 /* Release */,
			);
			defaultConfigurationIsVisible = 0;
			defaultConfigurationName = Release;
		};
		2D0A0DD1281078F20073B284 /* Build configuration list for PBXNativeTarget "EggAndTime" */ = {
			isa = XCConfigurationList;
			buildConfigurations = (
				2D0A0DD2281078F20073B284 /* Debug */,
				2D0A0DD3281078F20073B284 /* Release */,
			);
			defaultConfigurationIsVisible = 0;
			defaultConfigurationName = Release;
		};
/* End XCConfigurationList section */
	};
	rootObject = 2D0A0DBB281078EE0073B284 /* Project object */;
}
